
Microsoft Visual Studio Solution File, Format Version 12.00
# Visual Studio Version 17
VisualStudioVersion = 17.8.34511.84
MinimumVisualStudioVersion = 10.0.40219.1
Project("{9A19103F-16F7-4668-BE54-9A1E7A4F7556}") = "Synchronization", "Synchronization\Synchronization.csproj", "{8D7CA5A3-BA2E-4241-B868-98323C61CD17}"
EndProject
Project("{9A19103F-16F7-4668-BE54-9A1E7A4F7556}") = "ProtocolBuffers", "ProtocolBuffers\ProtocolBuffers.csproj", "{389D1D85-0B97-461C-ACE4-0BBBD34C86F9}"
EndProject
Project("{2150E333-8FDC-42A3-9474-1A3956D46DE8}") = "Onion", "Onion", "{15E6127A-8651-44AB-A95C-BD6B7B2A6B9A}"
EndProject
Project("{2150E333-8FDC-42A3-9474-1A3956D46DE8}") = "Clean", "Clean", "{8682F7AC-9C68-43D7-ABEE-B91A3A44BC6D}"
EndProject
Project("{2150E333-8FDC-42A3-9474-1A3956D46DE8}") = "Core", "Core", "{CD5A5924-9B95-40E6-A37A-DC2958739A46}"
EndProject
Project("{2150E333-8FDC-42A3-9474-1A3956D46DE8}") = "External", "External", "{C688F82D-5BA8-4D42-829B-7561A8A6D656}"
EndProject
Project("{9A19103F-16F7-4668-BE54-9A1E7A4F7556}") = "TaskTracker.Domain", "Architectures\Onion\TaskTracker.Domain\TaskTracker.Domain.csproj", "{C32F4B4E-1F5C-4EB9-AC7F-44EFFB606577}"
EndProject
Project("{9A19103F-16F7-4668-BE54-9A1E7A4F7556}") = "TaskTracker.Application", "Architectures\Onion\TaskTracker.Application\TaskTracker.Application.csproj", "{BC9C6E0A-E7BC-45C7-863D-09060B2E0504}"
EndProject
Project("{9A19103F-16F7-4668-BE54-9A1E7A4F7556}") = "TaskTracker.Persistence", "Architectures\Onion\TaskTracker.Persistence\TaskTracker.Persistence.csproj", "{55316D01-3C87-4718-AA06-BAE99B9B4B46}"
EndProject
Project("{9A19103F-16F7-4668-BE54-9A1E7A4F7556}") = "TaskTracker.Api", "Architectures\Onion\TaskTracker.Api\TaskTracker.Api.csproj", "{84F427E7-9FA0-4EB5-B7D8-96A5C648C457}"
EndProject
Project("{FAE04EC0-301F-11D3-BF4B-00C04F79EFBC}") = "TaskTracker.Domain", "Architectures\Clean\TaskTracker.Domain\TaskTracker.Domain.csproj", "{9D8DA934-8BD1-401D-9B83-C7F5818B35EC}"
EndProject
Project("{FAE04EC0-301F-11D3-BF4B-00C04F79EFBC}") = "TaskTracker.Application", "Architectures\Clean\TaskTracker.Application\TaskTracker.Application.csproj", "{27E13F08-4D57-40F3-AF5C-7EE8D21AC63B}"
EndProject
Project("{2150E333-8FDC-42A3-9474-1A3956D46DE8}") = "Core", "Core", "{636EF679-E230-4D91-B961-DF80EF9405F1}"
EndProject
Project("{2150E333-8FDC-42A3-9474-1A3956D46DE8}") = "External", "External", "{2E106458-3125-4DA5-A092-28E710E99889}"
EndProject
Project("{9A19103F-16F7-4668-BE54-9A1E7A4F7556}") = "TaskTracker.Api", "Architectures\Clean\TaskTracker.Api\TaskTracker.Api.csproj", "{80378B7E-DF3F-42F2-B708-7312A0A8A910}"
EndProject
Project("{FAE04EC0-301F-11D3-BF4B-00C04F79EFBC}") = "TaskTracker.Persistence", "Architectures\Clean\TaskTracker.Persistence\TaskTracker.Persistence.csproj", "{EE2E048C-6BEE-4338-8A03-379A0E602643}"
EndProject
Global
	GlobalSection(SolutionConfigurationPlatforms) = preSolution
		Debug|Any CPU = Debug|Any CPU
		Release|Any CPU = Release|Any CPU
	EndGlobalSection
	GlobalSection(ProjectConfigurationPlatforms) = postSolution
		{8D7CA5A3-BA2E-4241-B868-98323C61CD17}.Debug|Any CPU.ActiveCfg = Debug|Any CPU
		{8D7CA5A3-BA2E-4241-B868-98323C61CD17}.Debug|Any CPU.Build.0 = Debug|Any CPU
		{8D7CA5A3-BA2E-4241-B868-98323C61CD17}.Release|Any CPU.ActiveCfg = Release|Any CPU
		{8D7CA5A3-BA2E-4241-B868-98323C61CD17}.Release|Any CPU.Build.0 = Release|Any CPU
		{389D1D85-0B97-461C-ACE4-0BBBD34C86F9}.Debug|Any CPU.ActiveCfg = Debug|Any CPU
		{389D1D85-0B97-461C-ACE4-0BBBD34C86F9}.Debug|Any CPU.Build.0 = Debug|Any CPU
		{389D1D85-0B97-461C-ACE4-0BBBD34C86F9}.Release|Any CPU.ActiveCfg = Release|Any CPU
		{389D1D85-0B97-461C-ACE4-0BBBD34C86F9}.Release|Any CPU.Build.0 = Release|Any CPU
		{C32F4B4E-1F5C-4EB9-AC7F-44EFFB606577}.Debug|Any CPU.ActiveCfg = Debug|Any CPU
		{C32F4B4E-1F5C-4EB9-AC7F-44EFFB606577}.Debug|Any CPU.Build.0 = Debug|Any CPU
		{C32F4B4E-1F5C-4EB9-AC7F-44EFFB606577}.Release|Any CPU.ActiveCfg = Release|Any CPU
		{C32F4B4E-1F5C-4EB9-AC7F-44EFFB606577}.Release|Any CPU.Build.0 = Release|Any CPU
		{BC9C6E0A-E7BC-45C7-863D-09060B2E0504}.Debug|Any CPU.ActiveCfg = Debug|Any CPU
		{BC9C6E0A-E7BC-45C7-863D-09060B2E0504}.Debug|Any CPU.Build.0 = Debug|Any CPU
		{BC9C6E0A-E7BC-45C7-863D-09060B2E0504}.Release|Any CPU.ActiveCfg = Release|Any CPU
		{BC9C6E0A-E7BC-45C7-863D-09060B2E0504}.Release|Any CPU.Build.0 = Release|Any CPU
		{55316D01-3C87-4718-AA06-BAE99B9B4B46}.Debug|Any CPU.ActiveCfg = Debug|Any CPU
		{55316D01-3C87-4718-AA06-BAE99B9B4B46}.Debug|Any CPU.Build.0 = Debug|Any CPU
		{55316D01-3C87-4718-AA06-BAE99B9B4B46}.Release|Any CPU.ActiveCfg = Release|Any CPU
		{55316D01-3C87-4718-AA06-BAE99B9B4B46}.Release|Any CPU.Build.0 = Release|Any CPU
		{84F427E7-9FA0-4EB5-B7D8-96A5C648C457}.Debug|Any CPU.ActiveCfg = Debug|Any CPU
		{84F427E7-9FA0-4EB5-B7D8-96A5C648C457}.Debug|Any CPU.Build.0 = Debug|Any CPU
		{84F427E7-9FA0-4EB5-B7D8-96A5C648C457}.Release|Any CPU.ActiveCfg = Release|Any CPU
		{84F427E7-9FA0-4EB5-B7D8-96A5C648C457}.Release|Any CPU.Build.0 = Release|Any CPU
		{9D8DA934-8BD1-401D-9B83-C7F5818B35EC}.Debug|Any CPU.ActiveCfg = Debug|Any CPU
		{9D8DA934-8BD1-401D-9B83-C7F5818B35EC}.Debug|Any CPU.Build.0 = Debug|Any CPU
		{9D8DA934-8BD1-401D-9B83-C7F5818B35EC}.Release|Any CPU.ActiveCfg = Release|Any CPU
		{9D8DA934-8BD1-401D-9B83-C7F5818B35EC}.Release|Any CPU.Build.0 = Release|Any CPU
		{27E13F08-4D57-40F3-AF5C-7EE8D21AC63B}.Debug|Any CPU.ActiveCfg = Debug|Any CPU
		{27E13F08-4D57-40F3-AF5C-7EE8D21AC63B}.Debug|Any CPU.Build.0 = Debug|Any CPU
		{27E13F08-4D57-40F3-AF5C-7EE8D21AC63B}.Release|Any CPU.ActiveCfg = Release|Any CPU
		{27E13F08-4D57-40F3-AF5C-7EE8D21AC63B}.Release|Any CPU.Build.0 = Release|Any CPU
		{80378B7E-DF3F-42F2-B708-7312A0A8A910}.Debug|Any CPU.ActiveCfg = Debug|Any CPU
		{80378B7E-DF3F-42F2-B708-7312A0A8A910}.Debug|Any CPU.Build.0 = Debug|Any CPU
		{80378B7E-DF3F-42F2-B708-7312A0A8A910}.Release|Any CPU.ActiveCfg = Release|Any CPU
		{80378B7E-DF3F-42F2-B708-7312A0A8A910}.Release|Any CPU.Build.0 = Release|Any CPU
		{EE2E048C-6BEE-4338-8A03-379A0E602643}.Debug|Any CPU.ActiveCfg = Debug|Any CPU
		{EE2E048C-6BEE-4338-8A03-379A0E602643}.Debug|Any CPU.Build.0 = Debug|Any CPU
		{EE2E048C-6BEE-4338-8A03-379A0E602643}.Release|Any CPU.ActiveCfg = Release|Any CPU
		{EE2E048C-6BEE-4338-8A03-379A0E602643}.Release|Any CPU.Build.0 = Release|Any CPU
	EndGlobalSection
	GlobalSection(SolutionProperties) = preSolution
		HideSolutionNode = FALSE
	EndGlobalSection
	GlobalSection(NestedProjects) = preSolution
		{CD5A5924-9B95-40E6-A37A-DC2958739A46} = {15E6127A-8651-44AB-A95C-BD6B7B2A6B9A}
		{C688F82D-5BA8-4D42-829B-7561A8A6D656} = {15E6127A-8651-44AB-A95C-BD6B7B2A6B9A}
		{C32F4B4E-1F5C-4EB9-AC7F-44EFFB606577} = {CD5A5924-9B95-40E6-A37A-DC2958739A46}
		{BC9C6E0A-E7BC-45C7-863D-09060B2E0504} = {CD5A5924-9B95-40E6-A37A-DC2958739A46}
		{55316D01-3C87-4718-AA06-BAE99B9B4B46} = {C688F82D-5BA8-4D42-829B-7561A8A6D656}
		{84F427E7-9FA0-4EB5-B7D8-96A5C648C457} = {C688F82D-5BA8-4D42-829B-7561A8A6D656}
		{9D8DA934-8BD1-401D-9B83-C7F5818B35EC} = {636EF679-E230-4D91-B961-DF80EF9405F1}
		{27E13F08-4D57-40F3-AF5C-7EE8D21AC63B} = {636EF679-E230-4D91-B961-DF80EF9405F1}
		{636EF679-E230-4D91-B961-DF80EF9405F1} = {8682F7AC-9C68-43D7-ABEE-B91A3A44BC6D}
		{2E106458-3125-4DA5-A092-28E710E99889} = {8682F7AC-9C68-43D7-ABEE-B91A3A44BC6D}
		{80378B7E-DF3F-42F2-B708-7312A0A8A910} = {2E106458-3125-4DA5-A092-28E710E99889}
		{EE2E048C-6BEE-4338-8A03-379A0E602643} = {2E106458-3125-4DA5-A092-28E710E99889}
	EndGlobalSection
	GlobalSection(ExtensibilityGlobals) = postSolution
		SolutionGuid = {4E82AC59-77AA-4540-931F-3F0AEDCF262C}
	EndGlobalSection
EndGlobal
